{
  "name": "@kaneo/api",
  "lockfileVersion": 3,
  "requires": true,
  "packages": {
    "": {
      "name": "@kaneo/api",
      "dependencies": {
        "@hono/node-server": "^1.14.4",
        "@hono/zod-validator": "^0.5.0",
        "@octokit/webhooks": "^14.1.0",
        "@oslojs/crypto": "^1.0.1",
        "@oslojs/encoding": "^1.1.0",
        "@paralleldrive/cuid2": "^2.2.2",
        "bcrypt": "^6.0.0",
        "dotenv": "^16.5.0",
        "drizzle-kit": "^0.31.1",
        "drizzle-orm": "^0.43.0",
        "hono": "^4.7.11",
        "octokit": "^5.0.3",
        "pg": "^8.16.0",
        "zod": "^3.25.56"
      },
      "devDependencies": {
        "@types/bcrypt": "^5.0.2",
        "@types/node": "^22.15.30",
        "@types/pg": "^8.15.4",
        "esbuild": ">=0.25.0",
        "tsx": "^4.19.4",
        "typescript": "^5.8.3"
      }
    },
    "../../node_modules/.pnpm/@hono+node-server@1.14.4_hono@4.7.11/node_modules/@hono/node-server": {
      "version": "1.14.4",
      "license": "MIT",
      "devDependencies": {
        "@hono/eslint-config": "^1.0.1",
        "@types/jest": "^29.5.3",
        "@types/node": "^20.10.0",
        "@types/supertest": "^2.0.12",
        "@whatwg-node/fetch": "^0.9.14",
        "eslint": "^9.10.0",
        "hono": "^4.4.10",
        "jest": "^29.6.1",
        "np": "^7.7.0",
        "prettier": "^3.2.4",
        "publint": "^0.1.16",
        "supertest": "^6.3.3",
        "ts-jest": "^29.1.1",
        "tsup": "^7.2.0",
        "typescript": "^5.3.2"
      },
      "engines": {
        "node": ">=18.14.1"
      },
      "peerDependencies": {
        "hono": "^4"
      }
    },
    "../../node_modules/.pnpm/@hono+zod-validator@0.5.0_hono@4.7.11_zod@3.25.64/node_modules/@hono/zod-validator": {
      "version": "0.5.0",
      "license": "MIT",
      "devDependencies": {
        "@arethetypeswrong/cli": "^0.17.4",
        "publint": "^0.3.9",
        "tsup": "^8.4.0",
        "typescript": "^5.8.2",
        "vitest": "^3.0.8",
        "zod": "^3.22.4"
      },
      "peerDependencies": {
        "hono": ">=3.9.0",
        "zod": "^3.19.1"
      }
    },
    "../../node_modules/.pnpm/@oslojs+crypto@1.0.1/node_modules/@oslojs/crypto": {
      "version": "1.0.1",
      "license": "MIT",
      "dependencies": {
        "@oslojs/asn1": "1.0.0",
        "@oslojs/binary": "1.0.0"
      },
      "devDependencies": {
        "@oslojs/encoding": "0.3.0",
        "@scure/base": "^1.1.3",
        "@types/node": "^20.8.6",
        "@typescript-eslint/eslint-plugin": "^6.7.5",
        "@typescript-eslint/parser": "^6.7.5",
        "auri": "^2.0.0",
        "eslint": "^8.51.0",
        "prettier": "^3.0.3",
        "typescript": "^5.2.2",
        "vitest": "1.6.0"
      }
    },
    "../../node_modules/.pnpm/@oslojs+encoding@1.1.0/node_modules/@oslojs/encoding": {
      "version": "1.1.0",
      "license": "MIT",
      "devDependencies": {
        "@scure/base": "^1.1.6",
        "@types/node": "^20.11.25",
        "@typescript-eslint/eslint-plugin": "^6.7.5",
        "@typescript-eslint/parser": "^6.7.5",
        "auri": "^2.0.0",
        "eslint": "^8.51.0",
        "prettier": "^3.0.3",
        "typescript": "^5.2.2",
        "vitest": "^0.34.6"
      }
    },
    "../../node_modules/.pnpm/@paralleldrive+cuid2@2.2.2/node_modules/@paralleldrive/cuid2": {
      "version": "2.2.2",
      "license": "MIT",
      "dependencies": {
        "@noble/hashes": "^1.1.5"
      },
      "devDependencies": {
        "eslint": "8.30.0",
        "eslint-config-next": "13.1.1",
        "eslint-config-prettier": "8.5.0",
        "eslint-plugin-prettier": "4.2.1",
        "next": "13.1.1",
        "pre-commit": "1.2.2",
        "prettier": "2.8.1",
        "react": "18.2.0",
        "react-dom": "18.2.0",
        "release-it": "15.5.1",
        "riteway": "7.0.0",
        "tap-nirvana": "1.1.0",
        "updtr": "4.0.0",
        "watch": "1.0.2"
      }
    },
    "../../node_modules/.pnpm/@types+bcrypt@5.0.2/node_modules/@types/bcrypt": {
      "version": "5.0.2",
      "dev": true,
      "license": "MIT",
      "dependencies": {
        "@types/node": "*"
      }
    },
    "../../node_modules/.pnpm/@types+better-sqlite3@7.6.13/node_modules/@types/better-sqlite3": {
      "version": "7.6.13",
      "extraneous": true,
      "license": "MIT",
      "dependencies": {
        "@types/node": "*"
      }
    },
    "../../node_modules/.pnpm/@types+node@22.15.31/node_modules/@types/node": {
      "version": "22.15.31",
      "dev": true,
      "license": "MIT",
      "dependencies": {
        "undici-types": "~6.21.0"
      }
    },
    "../../node_modules/.pnpm/bcrypt@6.0.0/node_modules/bcrypt": {
      "version": "6.0.0",
      "hasInstallScript": true,
      "license": "MIT",
      "dependencies": {
        "node-addon-api": "^8.3.0",
        "node-gyp-build": "^4.8.4"
      },
      "devDependencies": {
        "jest": "^29.7.0",
        "prebuildify": "^6.0.1"
      },
      "engines": {
        "node": ">= 18"
      }
    },
    "../../node_modules/.pnpm/better-sqlite3@11.10.0/node_modules/better-sqlite3": {
      "version": "11.10.0",
      "extraneous": true,
      "hasInstallScript": true,
      "license": "MIT",
      "dependencies": {
        "bindings": "^1.5.0",
        "prebuild-install": "^7.1.1"
      },
      "devDependencies": {
        "chai": "^4.3.8",
        "cli-color": "^2.0.3",
        "fs-extra": "^11.1.1",
        "mocha": "^10.2.0",
        "nodemark": "^0.3.0",
        "prebuild": "^13.0.1",
        "sqlite": "^5.0.1",
        "sqlite3": "^5.1.6"
      }
    },
    "../../node_modules/.pnpm/dotenv@16.5.0/node_modules/dotenv": {
      "version": "16.5.0",
      "license": "BSD-2-Clause",
      "devDependencies": {
        "@types/node": "^18.11.3",
        "decache": "^4.6.2",
        "sinon": "^14.0.1",
        "standard": "^17.0.0",
        "standard-version": "^9.5.0",
        "tap": "^19.2.0",
        "typescript": "^4.8.4"
      },
      "engines": {
        "node": ">=12"
      },
      "funding": {
        "url": "https://dotenvx.com"
      }
    },
    "../../node_modules/.pnpm/drizzle-kit@0.31.1/node_modules/drizzle-kit": {
      "version": "0.31.1",
      "license": "MIT",
      "dependencies": {
        "@drizzle-team/brocli": "^0.10.2",
        "@esbuild-kit/esm-loader": "^2.5.5",
        "esbuild": "^0.25.2",
        "esbuild-register": "^3.5.0"
      },
      "bin": {
        "drizzle-kit": "bin.cjs"
      },
      "devDependencies": {
        "@arethetypeswrong/cli": "^0.15.3",
        "@aws-sdk/client-rds-data": "^3.556.0",
        "@cloudflare/workers-types": "^4.20230518.0",
        "@electric-sql/pglite": "^0.2.12",
        "@hono/node-server": "^1.9.0",
        "@hono/zod-validator": "^0.2.1",
        "@libsql/client": "^0.10.0",
        "@neondatabase/serverless": "^0.9.1",
        "@originjs/vite-plugin-commonjs": "^1.0.3",
        "@planetscale/database": "^1.16.0",
        "@types/better-sqlite3": "^7.6.13",
        "@types/dockerode": "^3.3.28",
        "@types/glob": "^8.1.0",
        "@types/json-diff": "^1.0.3",
        "@types/micromatch": "^4.0.9",
        "@types/minimatch": "^5.1.2",
        "@types/node": "^18.11.15",
        "@types/pg": "^8.10.7",
        "@types/pluralize": "^0.0.33",
        "@types/semver": "^7.5.5",
        "@types/uuid": "^9.0.8",
        "@types/ws": "^8.5.10",
        "@typescript-eslint/eslint-plugin": "^7.2.0",
        "@typescript-eslint/parser": "^7.2.0",
        "@vercel/postgres": "^0.8.0",
        "ava": "^5.1.0",
        "better-sqlite3": "^11.9.1",
        "bun-types": "^0.6.6",
        "camelcase": "^7.0.1",
        "chalk": "^5.2.0",
        "commander": "^12.1.0",
        "dockerode": "^3.3.4",
        "dotenv": "^16.0.3",
        "drizzle-kit": "0.25.0-b1faa33",
        "drizzle-orm": "workspace:./drizzle-orm/dist",
        "env-paths": "^3.0.0",
        "esbuild-node-externals": "^1.9.0",
        "eslint": "^8.57.0",
        "eslint-config-prettier": "^9.1.0",
        "eslint-plugin-prettier": "^5.1.3",
        "gel": "^2.0.0",
        "get-port": "^6.1.2",
        "glob": "^8.1.0",
        "hanji": "^0.0.5",
        "hono": "^4.1.5",
        "json-diff": "1.0.6",
        "micromatch": "^4.0.8",
        "minimatch": "^7.4.3",
        "mysql2": "3.3.3",
        "node-fetch": "^3.3.2",
        "ohm-js": "^17.1.0",
        "pg": "^8.11.5",
        "pluralize": "^8.0.0",
        "postgres": "^3.4.4",
        "prettier": "^2.8.1",
        "semver": "^7.5.4",
        "superjson": "^2.2.1",
        "tsup": "^8.0.2",
        "tsx": "^3.12.1",
        "typescript": "^5.6.3",
        "uuid": "^9.0.1",
        "vite-tsconfig-paths": "^4.3.2",
        "vitest": "^1.4.0",
        "wrangler": "^3.22.1",
        "ws": "^8.16.0",
        "zod": "^3.20.2",
        "zx": "^8.3.2"
      }
    },
    "../../node_modules/.pnpm/drizzle-orm@0.43.1_@types+better-sqlite3@7.6.13_better-sqlite3@11.10.0_bun-types@1.2.8/node_modules/drizzle-orm": {
      "version": "0.43.1",
      "license": "Apache-2.0",
      "devDependencies": {
        "@aws-sdk/client-rds-data": "^3.549.0",
        "@cloudflare/workers-types": "^4.20241112.0",
        "@electric-sql/pglite": "^0.2.12",
        "@libsql/client": "^0.10.0",
        "@libsql/client-wasm": "^0.10.0",
        "@miniflare/d1": "^2.14.4",
        "@neondatabase/serverless": "^0.10.0",
        "@op-engineering/op-sqlite": "^2.0.16",
        "@opentelemetry/api": "^1.4.1",
        "@originjs/vite-plugin-commonjs": "^1.0.3",
        "@planetscale/database": "^1.16.0",
        "@prisma/client": "5.14.0",
        "@tidbcloud/serverless": "^0.1.1",
        "@types/better-sqlite3": "^7.6.4",
        "@types/node": "^20.2.5",
        "@types/pg": "^8.10.1",
        "@types/react": "^18.2.45",
        "@types/sql.js": "^1.4.4",
        "@vercel/postgres": "^0.8.0",
        "@xata.io/client": "^0.29.3",
        "better-sqlite3": "^11.9.1",
        "bun-types": "^1.2.0",
        "cpy": "^10.1.0",
        "expo-sqlite": "^14.0.0",
        "gel": "^2.0.0",
        "glob": "^11.0.1",
        "knex": "^2.4.2",
        "kysely": "^0.25.0",
        "mysql2": "^3.3.3",
        "pg": "^8.11.0",
        "postgres": "^3.3.5",
        "prisma": "5.14.0",
        "react": "^18.2.0",
        "sql.js": "^1.8.0",
        "sqlite3": "^5.1.2",
        "ts-morph": "^25.0.1",
        "tslib": "^2.5.2",
        "tsx": "^3.12.7",
        "vite-tsconfig-paths": "^4.3.2",
        "vitest": "^1.6.0",
        "zod": "^3.20.2",
        "zx": "^7.2.2"
      },
      "peerDependencies": {
        "@aws-sdk/client-rds-data": ">=3",
        "@cloudflare/workers-types": ">=4",
        "@electric-sql/pglite": ">=0.2.0",
        "@libsql/client": ">=0.10.0",
        "@libsql/client-wasm": ">=0.10.0",
        "@neondatabase/serverless": ">=0.10.0",
        "@op-engineering/op-sqlite": ">=2",
        "@opentelemetry/api": "^1.4.1",
        "@planetscale/database": ">=1.13",
        "@prisma/client": "*",
        "@tidbcloud/serverless": "*",
        "@types/better-sqlite3": "*",
        "@types/pg": "*",
        "@types/sql.js": "*",
        "@vercel/postgres": ">=0.8.0",
        "@xata.io/client": "*",
        "better-sqlite3": ">=7",
        "bun-types": "*",
        "expo-sqlite": ">=14.0.0",
        "gel": ">=2",
        "knex": "*",
        "kysely": "*",
        "mysql2": ">=2",
        "pg": ">=8",
        "postgres": ">=3",
        "sql.js": ">=1",
        "sqlite3": ">=5"
      },
      "peerDependenciesMeta": {
        "@aws-sdk/client-rds-data": {
          "optional": true
        },
        "@cloudflare/workers-types": {
          "optional": true
        },
        "@electric-sql/pglite": {
          "optional": true
        },
        "@libsql/client": {
          "optional": true
        },
        "@libsql/client-wasm": {
          "optional": true
        },
        "@neondatabase/serverless": {
          "optional": true
        },
        "@op-engineering/op-sqlite": {
          "optional": true
        },
        "@opentelemetry/api": {
          "optional": true
        },
        "@planetscale/database": {
          "optional": true
        },
        "@prisma/client": {
          "optional": true
        },
        "@tidbcloud/serverless": {
          "optional": true
        },
        "@types/better-sqlite3": {
          "optional": true
        },
        "@types/pg": {
          "optional": true
        },
        "@types/sql.js": {
          "optional": true
        },
        "@vercel/postgres": {
          "optional": true
        },
        "@xata.io/client": {
          "optional": true
        },
        "better-sqlite3": {
          "optional": true
        },
        "bun-types": {
          "optional": true
        },
        "expo-sqlite": {
          "optional": true
        },
        "gel": {
          "optional": true
        },
        "knex": {
          "optional": true
        },
        "kysely": {
          "optional": true
        },
        "mysql2": {
          "optional": true
        },
        "pg": {
          "optional": true
        },
        "postgres": {
          "optional": true
        },
        "prisma": {
          "optional": true
        },
        "sql.js": {
          "optional": true
        },
        "sqlite3": {
          "optional": true
        }
      }
    },
    "../../node_modules/.pnpm/esbuild@0.25.5/node_modules/esbuild": {
      "version": "0.25.5",
      "dev": true,
      "hasInstallScript": true,
      "license": "MIT",
      "bin": {
        "esbuild": "bin/esbuild"
      },
      "engines": {
        "node": ">=18"
      },
      "optionalDependencies": {
        "@esbuild/aix-ppc64": "0.25.5",
        "@esbuild/android-arm": "0.25.5",
        "@esbuild/android-arm64": "0.25.5",
        "@esbuild/android-x64": "0.25.5",
        "@esbuild/darwin-arm64": "0.25.5",
        "@esbuild/darwin-x64": "0.25.5",
        "@esbuild/freebsd-arm64": "0.25.5",
        "@esbuild/freebsd-x64": "0.25.5",
        "@esbuild/linux-arm": "0.25.5",
        "@esbuild/linux-arm64": "0.25.5",
        "@esbuild/linux-ia32": "0.25.5",
        "@esbuild/linux-loong64": "0.25.5",
        "@esbuild/linux-mips64el": "0.25.5",
        "@esbuild/linux-ppc64": "0.25.5",
        "@esbuild/linux-riscv64": "0.25.5",
        "@esbuild/linux-s390x": "0.25.5",
        "@esbuild/linux-x64": "0.25.5",
        "@esbuild/netbsd-arm64": "0.25.5",
        "@esbuild/netbsd-x64": "0.25.5",
        "@esbuild/openbsd-arm64": "0.25.5",
        "@esbuild/openbsd-x64": "0.25.5",
        "@esbuild/sunos-x64": "0.25.5",
        "@esbuild/win32-arm64": "0.25.5",
        "@esbuild/win32-ia32": "0.25.5",
        "@esbuild/win32-x64": "0.25.5"
      }
    },
    "../../node_modules/.pnpm/hono@4.7.11/node_modules/hono": {
      "version": "4.7.11",
      "license": "MIT",
      "devDependencies": {
        "@hono/eslint-config": "^1.0.2",
        "@hono/node-server": "^1.13.5",
        "@types/glob": "^8.1.0",
        "@types/jsdom": "^21.1.7",
        "@types/node": "20.11.4",
        "@types/supertest": "^2.0.16",
        "@typescript/native-preview": "7.0.0-dev.20250523.1",
        "@vitest/coverage-v8": "^3.0.5",
        "arg": "^5.0.2",
        "bun-types": "^1.1.39",
        "esbuild": "^0.15.18",
        "eslint": "^9.10.0",
        "glob": "^11.0.0",
        "jsdom": "^22.1.0",
        "msw": "^2.6.0",
        "np": "10.2.0",
        "prettier": "^2.6.2",
        "publint": "^0.1.16",
        "supertest": "^6.3.4",
        "typescript": "^5.3.3",
        "vite-plugin-fastly-js-compute": "^0.4.2",
        "vitest": "^3.0.5",
        "wrangler": "4.12.0",
        "ws": "^8.18.0",
        "zod": "^3.23.8"
      },
      "engines": {
        "node": ">=16.9.0"
      }
    },
    "../../node_modules/.pnpm/tsx@4.20.3/node_modules/tsx": {
      "version": "4.20.3",
      "dev": true,
      "license": "MIT",
      "dependencies": {
        "esbuild": "~0.25.0",
        "get-tsconfig": "^4.7.5"
      },
      "bin": {
        "tsx": "dist/cli.mjs"
      },
      "engines": {
        "node": ">=18.0.0"
      },
      "optionalDependencies": {
        "fsevents": "~2.3.3"
      }
    },
    "../../node_modules/.pnpm/typescript@5.8.3/node_modules/typescript": {
      "version": "5.8.3",
      "dev": true,
      "license": "Apache-2.0",
      "bin": {
        "tsc": "bin/tsc",
        "tsserver": "bin/tsserver"
      },
      "devDependencies": {
        "@dprint/formatter": "^0.4.1",
        "@dprint/typescript": "0.93.3",
        "@esfx/canceltoken": "^1.0.0",
        "@eslint/js": "^9.17.0",
        "@octokit/rest": "^21.0.2",
        "@types/chai": "^4.3.20",
        "@types/diff": "^5.2.3",
        "@types/minimist": "^1.2.5",
        "@types/mocha": "^10.0.10",
        "@types/ms": "^0.7.34",
        "@types/node": "latest",
        "@types/source-map-support": "^0.5.10",
        "@types/which": "^3.0.4",
        "@typescript-eslint/rule-tester": "^8.18.1",
        "@typescript-eslint/type-utils": "^8.18.1",
        "@typescript-eslint/utils": "^8.18.1",
        "azure-devops-node-api": "^14.1.0",
        "c8": "^10.1.3",
        "chai": "^4.5.0",
        "chalk": "^4.1.2",
        "chokidar": "^3.6.0",
        "diff": "^5.2.0",
        "dprint": "^0.47.6",
        "esbuild": "^0.24.0",
        "eslint": "^9.17.0",
        "eslint-formatter-autolinkable-stylish": "^1.4.0",
        "eslint-plugin-regexp": "^2.7.0",
        "fast-xml-parser": "^4.5.1",
        "glob": "^10.4.5",
        "globals": "^15.13.0",
        "hereby": "^1.10.0",
        "jsonc-parser": "^3.3.1",
        "knip": "^5.41.0",
        "minimist": "^1.2.8",
        "mocha": "^10.8.2",
        "mocha-fivemat-progress-reporter": "^0.1.0",
        "monocart-coverage-reports": "^2.11.4",
        "ms": "^2.1.3",
        "playwright": "^1.49.1",
        "source-map-support": "^0.5.21",
        "tslib": "^2.8.1",
        "typescript": "^5.7.2",
        "typescript-eslint": "^8.18.1",
        "which": "^3.0.1"
      },
      "engines": {
        "node": ">=14.17"
      }
    },
    "../../node_modules/.pnpm/zod@3.25.64/node_modules/zod": {
      "version": "3.25.64",
      "license": "MIT",
      "funding": {
        "url": "https://github.com/sponsors/colinhacks"
      }
    },
    "node_modules/@hono/node-server": {
      "resolved": "../../node_modules/.pnpm/@hono+node-server@1.14.4_hono@4.7.11/node_modules/@hono/node-server",
      "link": true
    },
    "node_modules/@hono/zod-validator": {
      "resolved": "../../node_modules/.pnpm/@hono+zod-validator@0.5.0_hono@4.7.11_zod@3.25.64/node_modules/@hono/zod-validator",
      "link": true
    },
    "node_modules/@octokit/app": {
      "version": "16.0.1",
      "resolved": "https://registry.npmjs.org/@octokit/app/-/app-16.0.1.tgz",
      "integrity": "sha512-kgTeTsWmpUX+s3Fs4EK4w1K+jWCDB6ClxLSWUWTyhlw7+L3jHtuXDR4QtABu2GsmCMdk67xRhruiXotS3ay3Yw==",
      "dependencies": {
        "@octokit/auth-app": "^8.0.1",
        "@octokit/auth-unauthenticated": "^7.0.1",
        "@octokit/core": "^7.0.2",
        "@octokit/oauth-app": "^8.0.1",
        "@octokit/plugin-paginate-rest": "^13.0.0",
        "@octokit/types": "^14.0.0",
        "@octokit/webhooks": "^14.0.0"
      },
      "engines": {
        "node": ">= 20"
      }
    },
    "node_modules/@octokit/auth-app": {
      "version": "8.0.1",
      "resolved": "https://registry.npmjs.org/@octokit/auth-app/-/auth-app-8.0.1.tgz",
      "integrity": "sha512-P2J5pB3pjiGwtJX4WqJVYCtNkcZ+j5T2Wm14aJAEIC3WJOrv12jvBley3G1U/XI8q9o1A7QMG54LiFED2BiFlg==",
      "dependencies": {
        "@octokit/auth-oauth-app": "^9.0.1",
        "@octokit/auth-oauth-user": "^6.0.0",
        "@octokit/request": "^10.0.2",
        "@octokit/request-error": "^7.0.0",
        "@octokit/types": "^14.0.0",
        "toad-cache": "^3.7.0",
        "universal-github-app-jwt": "^2.2.0",
        "universal-user-agent": "^7.0.0"
      },
      "engines": {
        "node": ">= 20"
      }
    },
    "node_modules/@octokit/auth-oauth-app": {
      "version": "9.0.1",
      "resolved": "https://registry.npmjs.org/@octokit/auth-oauth-app/-/auth-oauth-app-9.0.1.tgz",
      "integrity": "sha512-TthWzYxuHKLAbmxdFZwFlmwVyvynpyPmjwc+2/cI3cvbT7mHtsAW9b1LvQaNnAuWL+pFnqtxdmrU8QpF633i1g==",
      "dependencies": {
        "@octokit/auth-oauth-device": "^8.0.1",
        "@octokit/auth-oauth-user": "^6.0.0",
        "@octokit/request": "^10.0.2",
        "@octokit/types": "^14.0.0",
        "universal-user-agent": "^7.0.0"
      },
      "engines": {
        "node": ">= 20"
      }
    },
    "node_modules/@octokit/auth-oauth-device": {
      "version": "8.0.1",
      "resolved": "https://registry.npmjs.org/@octokit/auth-oauth-device/-/auth-oauth-device-8.0.1.tgz",
      "integrity": "sha512-TOqId/+am5yk9zor0RGibmlqn4V0h8vzjxlw/wYr3qzkQxl8aBPur384D1EyHtqvfz0syeXji4OUvKkHvxk/Gw==",
      "dependencies": {
        "@octokit/oauth-methods": "^6.0.0",
        "@octokit/request": "^10.0.2",
        "@octokit/types": "^14.0.0",
        "universal-user-agent": "^7.0.0"
      },
      "engines": {
        "node": ">= 20"
      }
    },
    "node_modules/@octokit/auth-oauth-user": {
      "version": "6.0.0",
      "resolved": "https://registry.npmjs.org/@octokit/auth-oauth-user/-/auth-oauth-user-6.0.0.tgz",
      "integrity": "sha512-GV9IW134PHsLhtUad21WIeP9mlJ+QNpFd6V9vuPWmaiN25HEJeEQUcS4y5oRuqCm9iWDLtfIs+9K8uczBXKr6A==",
      "dependencies": {
        "@octokit/auth-oauth-device": "^8.0.1",
        "@octokit/oauth-methods": "^6.0.0",
        "@octokit/request": "^10.0.2",
        "@octokit/types": "^14.0.0",
        "universal-user-agent": "^7.0.0"
      },
      "engines": {
        "node": ">= 20"
      }
    },
    "node_modules/@octokit/auth-token": {
      "version": "6.0.0",
      "resolved": "https://registry.npmjs.org/@octokit/auth-token/-/auth-token-6.0.0.tgz",
      "integrity": "sha512-P4YJBPdPSpWTQ1NU4XYdvHvXJJDxM6YwpS0FZHRgP7YFkdVxsWcpWGy/NVqlAA7PcPCnMacXlRm1y2PFZRWL/w==",
      "engines": {
        "node": ">= 20"
      }
    },
    "node_modules/@octokit/auth-unauthenticated": {
      "version": "7.0.1",
      "resolved": "https://registry.npmjs.org/@octokit/auth-unauthenticated/-/auth-unauthenticated-7.0.1.tgz",
      "integrity": "sha512-qVq1vdjLLZdE8kH2vDycNNjuJRCD1q2oet1nA/GXWaYlpDxlR7rdVhX/K/oszXslXiQIiqrQf+rdhDlA99JdTQ==",
      "dependencies": {
        "@octokit/request-error": "^7.0.0",
        "@octokit/types": "^14.0.0"
      },
      "engines": {
        "node": ">= 20"
      }
    },
    "node_modules/@octokit/core": {
      "version": "7.0.2",
      "resolved": "https://registry.npmjs.org/@octokit/core/-/core-7.0.2.tgz",
      "integrity": "sha512-ODsoD39Lq6vR6aBgvjTnA3nZGliknKboc9Gtxr7E4WDNqY24MxANKcuDQSF0jzapvGb3KWOEDrKfve4HoWGK+g==",
      "dependencies": {
        "@octokit/auth-token": "^6.0.0",
        "@octokit/graphql": "^9.0.1",
        "@octokit/request": "^10.0.2",
        "@octokit/request-error": "^7.0.0",
        "@octokit/types": "^14.0.0",
        "before-after-hook": "^4.0.0",
        "universal-user-agent": "^7.0.0"
      },
      "engines": {
        "node": ">= 20"
      }
    },
    "node_modules/@octokit/endpoint": {
      "version": "11.0.0",
      "resolved": "https://registry.npmjs.org/@octokit/endpoint/-/endpoint-11.0.0.tgz",
      "integrity": "sha512-hoYicJZaqISMAI3JfaDr1qMNi48OctWuOih1m80bkYow/ayPw6Jj52tqWJ6GEoFTk1gBqfanSoI1iY99Z5+ekQ==",
      "dependencies": {
        "@octokit/types": "^14.0.0",
        "universal-user-agent": "^7.0.2"
      },
      "engines": {
        "node": ">= 20"
      }
    },
    "node_modules/@octokit/graphql": {
      "version": "9.0.1",
      "resolved": "https://registry.npmjs.org/@octokit/graphql/-/graphql-9.0.1.tgz",
      "integrity": "sha512-j1nQNU1ZxNFx2ZtKmL4sMrs4egy5h65OMDmSbVyuCzjOcwsHq6EaYjOTGXPQxgfiN8dJ4CriYHk6zF050WEULg==",
      "dependencies": {
        "@octokit/request": "^10.0.2",
        "@octokit/types": "^14.0.0",
        "universal-user-agent": "^7.0.0"
      },
      "engines": {
        "node": ">= 20"
      }
    },
    "node_modules/@octokit/oauth-app": {
      "version": "8.0.1",
      "resolved": "https://registry.npmjs.org/@octokit/oauth-app/-/oauth-app-8.0.1.tgz",
      "integrity": "sha512-QnhMYEQpnYbEPn9cae+wXL2LuPMFglmfeuDJXXsyxIXdoORwkLK8y0cHhd/5du9MbO/zdG/BXixzB7EEwU63eQ==",
      "dependencies": {
        "@octokit/auth-oauth-app": "^9.0.1",
        "@octokit/auth-oauth-user": "^6.0.0",
        "@octokit/auth-unauthenticated": "^7.0.1",
        "@octokit/core": "^7.0.2",
        "@octokit/oauth-authorization-url": "^8.0.0",
        "@octokit/oauth-methods": "^6.0.0",
        "@types/aws-lambda": "^8.10.83",
        "universal-user-agent": "^7.0.0"
      },
      "engines": {
        "node": ">= 20"
      }
    },
    "node_modules/@octokit/oauth-authorization-url": {
      "version": "8.0.0",
      "resolved": "https://registry.npmjs.org/@octokit/oauth-authorization-url/-/oauth-authorization-url-8.0.0.tgz",
      "integrity": "sha512-7QoLPRh/ssEA/HuHBHdVdSgF8xNLz/Bc5m9fZkArJE5bb6NmVkDm3anKxXPmN1zh6b5WKZPRr3697xKT/yM3qQ==",
      "engines": {
        "node": ">= 20"
      }
    },
    "node_modules/@octokit/oauth-methods": {
      "version": "6.0.0",
      "resolved": "https://registry.npmjs.org/@octokit/oauth-methods/-/oauth-methods-6.0.0.tgz",
      "integrity": "sha512-Q8nFIagNLIZgM2odAraelMcDssapc+lF+y3OlcIPxyAU+knefO8KmozGqfnma1xegRDP4z5M73ABsamn72bOcA==",
      "dependencies": {
        "@octokit/oauth-authorization-url": "^8.0.0",
        "@octokit/request": "^10.0.2",
        "@octokit/request-error": "^7.0.0",
        "@octokit/types": "^14.0.0"
      },
      "engines": {
        "node": ">= 20"
      }
    },
    "node_modules/@octokit/openapi-types": {
      "version": "25.1.0",
      "resolved": "https://registry.npmjs.org/@octokit/openapi-types/-/openapi-types-25.1.0.tgz",
      "integrity": "sha512-idsIggNXUKkk0+BExUn1dQ92sfysJrje03Q0bv0e+KPLrvyqZF8MnBpFz8UNfYDwB3Ie7Z0TByjWfzxt7vseaA=="
    },
    "node_modules/@octokit/openapi-webhooks-types": {
      "version": "12.0.3",
      "resolved": "https://registry.npmjs.org/@octokit/openapi-webhooks-types/-/openapi-webhooks-types-12.0.3.tgz",
      "integrity": "sha512-90MF5LVHjBedwoHyJsgmaFhEN1uzXyBDRLEBe7jlTYx/fEhPAk3P3DAJsfZwC54m8hAIryosJOL+UuZHB3K3yA=="
    },
    "node_modules/@octokit/plugin-paginate-graphql": {
      "version": "6.0.0",
      "resolved": "https://registry.npmjs.org/@octokit/plugin-paginate-graphql/-/plugin-paginate-graphql-6.0.0.tgz",
      "integrity": "sha512-crfpnIoFiBtRkvPqOyLOsw12XsveYuY2ieP6uYDosoUegBJpSVxGwut9sxUgFFcll3VTOTqpUf8yGd8x1OmAkQ==",
      "engines": {
        "node": ">= 20"
      },
      "peerDependencies": {
        "@octokit/core": ">=6"
      }
    },
    "node_modules/@octokit/plugin-paginate-rest": {
      "version": "13.1.1",
      "resolved": "https://registry.npmjs.org/@octokit/plugin-paginate-rest/-/plugin-paginate-rest-13.1.1.tgz",
      "integrity": "sha512-q9iQGlZlxAVNRN2jDNskJW/Cafy7/XE52wjZ5TTvyhyOD904Cvx//DNyoO3J/MXJ0ve3rPoNWKEg5iZrisQSuw==",
      "dependencies": {
        "@octokit/types": "^14.1.0"
      },
      "engines": {
        "node": ">= 20"
      },
      "peerDependencies": {
        "@octokit/core": ">=6"
      }
    },
    "node_modules/@octokit/plugin-rest-endpoint-methods": {
      "version": "16.0.0",
      "resolved": "https://registry.npmjs.org/@octokit/plugin-rest-endpoint-methods/-/plugin-rest-endpoint-methods-16.0.0.tgz",
      "integrity": "sha512-kJVUQk6/dx/gRNLWUnAWKFs1kVPn5O5CYZyssyEoNYaFedqZxsfYs7DwI3d67hGz4qOwaJ1dpm07hOAD1BXx6g==",
      "dependencies": {
        "@octokit/types": "^14.1.0"
      },
      "engines": {
        "node": ">= 20"
      },
      "peerDependencies": {
        "@octokit/core": ">=6"
      }
    },
    "node_modules/@octokit/plugin-retry": {
      "version": "8.0.1",
      "resolved": "https://registry.npmjs.org/@octokit/plugin-retry/-/plugin-retry-8.0.1.tgz",
      "integrity": "sha512-KUoYR77BjF5O3zcwDQHRRZsUvJwepobeqiSSdCJ8lWt27FZExzb0GgVxrhhfuyF6z2B2zpO0hN5pteni1sqWiw==",
      "dependencies": {
        "@octokit/request-error": "^7.0.0",
        "@octokit/types": "^14.0.0",
        "bottleneck": "^2.15.3"
      },
      "engines": {
        "node": ">= 20"
      },
      "peerDependencies": {
        "@octokit/core": ">=7"
      }
    },
    "node_modules/@octokit/plugin-throttling": {
      "version": "11.0.1",
      "resolved": "https://registry.npmjs.org/@octokit/plugin-throttling/-/plugin-throttling-11.0.1.tgz",
      "integrity": "sha512-S+EVhy52D/272L7up58dr3FNSMXWuNZolkL4zMJBNIfIxyZuUcczsQAU4b5w6dewJXnKYVgSHSV5wxitMSW1kw==",
      "dependencies": {
        "@octokit/types": "^14.0.0",
        "bottleneck": "^2.15.3"
      },
      "engines": {
        "node": ">= 20"
      },
      "peerDependencies": {
        "@octokit/core": "^7.0.0"
      }
    },
    "node_modules/@octokit/request": {
      "version": "10.0.3",
      "resolved": "https://registry.npmjs.org/@octokit/request/-/request-10.0.3.tgz",
      "integrity": "sha512-V6jhKokg35vk098iBqp2FBKunk3kMTXlmq+PtbV9Gl3TfskWlebSofU9uunVKhUN7xl+0+i5vt0TGTG8/p/7HA==",
      "dependencies": {
        "@octokit/endpoint": "^11.0.0",
        "@octokit/request-error": "^7.0.0",
        "@octokit/types": "^14.0.0",
        "fast-content-type-parse": "^3.0.0",
        "universal-user-agent": "^7.0.2"
      },
      "engines": {
        "node": ">= 20"
      }
    },
    "node_modules/@octokit/request-error": {
      "version": "7.0.0",
      "resolved": "https://registry.npmjs.org/@octokit/request-error/-/request-error-7.0.0.tgz",
      "integrity": "sha512-KRA7VTGdVyJlh0cP5Tf94hTiYVVqmt2f3I6mnimmaVz4UG3gQV/k4mDJlJv3X67iX6rmN7gSHCF8ssqeMnmhZg==",
      "dependencies": {
        "@octokit/types": "^14.0.0"
      },
      "engines": {
        "node": ">= 20"
      }
    },
    "node_modules/@octokit/types": {
      "version": "14.1.0",
      "resolved": "https://registry.npmjs.org/@octokit/types/-/types-14.1.0.tgz",
      "integrity": "sha512-1y6DgTy8Jomcpu33N+p5w58l6xyt55Ar2I91RPiIA0xCJBXyUAhXCcmZaDWSANiha7R9a6qJJ2CRomGPZ6f46g==",
      "dependencies": {
        "@octokit/openapi-types": "^25.1.0"
      }
    },
    "node_modules/@octokit/webhooks": {
      "version": "14.1.0",
      "resolved": "https://registry.npmjs.org/@octokit/webhooks/-/webhooks-14.1.0.tgz",
      "integrity": "sha512-X6zFa01TR6yLvgTepABozuQRAs7sDIr+M+Msk6z9RVH77RW8Lu06Q4FcH1tXVpTXR13BBrmN1Wez7LDofj46UQ==",
      "dependencies": {
        "@octokit/openapi-webhooks-types": "12.0.3",
        "@octokit/request-error": "^7.0.0",
        "@octokit/webhooks-methods": "^6.0.0"
      },
      "engines": {
        "node": ">= 20"
      }
    },
    "node_modules/@octokit/webhooks-methods": {
      "version": "6.0.0",
      "resolved": "https://registry.npmjs.org/@octokit/webhooks-methods/-/webhooks-methods-6.0.0.tgz",
      "integrity": "sha512-MFlzzoDJVw/GcbfzVC1RLR36QqkTLUf79vLVO3D+xn7r0QgxnFoLZgtrzxiQErAjFUOdH6fas2KeQJ1yr/qaXQ==",
      "engines": {
        "node": ">= 20"
      }
    },
    "node_modules/@oslojs/crypto": {
      "resolved": "../../node_modules/.pnpm/@oslojs+crypto@1.0.1/node_modules/@oslojs/crypto",
      "link": true
    },
    "node_modules/@oslojs/encoding": {
      "resolved": "../../node_modules/.pnpm/@oslojs+encoding@1.1.0/node_modules/@oslojs/encoding",
      "link": true
    },
    "node_modules/@paralleldrive/cuid2": {
      "resolved": "../../node_modules/.pnpm/@paralleldrive+cuid2@2.2.2/node_modules/@paralleldrive/cuid2",
      "link": true
    },
    "node_modules/@types/aws-lambda": {
      "version": "8.10.150",
      "resolved": "https://registry.npmjs.org/@types/aws-lambda/-/aws-lambda-8.10.150.tgz",
      "integrity": "sha512-AX+AbjH/rH5ezX1fbK8onC/a+HyQHo7QGmvoxAE42n22OsciAxvZoZNEr22tbXs8WfP1nIsBjKDpgPm3HjOZbA=="
    },
    "node_modules/@types/bcrypt": {
      "resolved": "../../node_modules/.pnpm/@types+bcrypt@5.0.2/node_modules/@types/bcrypt",
      "link": true
    },
    "node_modules/@types/node": {
      "resolved": "../../node_modules/.pnpm/@types+node@22.15.31/node_modules/@types/node",
      "link": true
    },
    "node_modules/@types/pg": {
      "version": "8.15.4",
      "resolved": "https://registry.npmjs.org/@types/pg/-/pg-8.15.4.tgz",
      "integrity": "sha512-I6UNVBAoYbvuWkkU3oosC8yxqH21f4/Jc4DK71JLG3dT2mdlGe1z+ep/LQGXaKaOgcvUrsQoPRqfgtMcvZiJhg==",
      "dev": true,
      "license": "MIT",
      "dependencies": {
        "@types/node": "*",
        "pg-protocol": "*",
        "pg-types": "^2.2.0"
      }
    },
    "node_modules/bcrypt": {
      "resolved": "../../node_modules/.pnpm/bcrypt@6.0.0/node_modules/bcrypt",
      "link": true
    },
    "node_modules/before-after-hook": {
      "version": "4.0.0",
      "resolved": "https://registry.npmjs.org/before-after-hook/-/before-after-hook-4.0.0.tgz",
      "integrity": "sha512-q6tR3RPqIB1pMiTRMFcZwuG5T8vwp+vUvEG0vuI6B+Rikh5BfPp2fQ82c925FOs+b0lcFQ8CFrL+KbilfZFhOQ=="
    },
    "node_modules/bottleneck": {
      "version": "2.19.5",
      "resolved": "https://registry.npmjs.org/bottleneck/-/bottleneck-2.19.5.tgz",
      "integrity": "sha512-VHiNCbI1lKdl44tGrhNfU3lup0Tj/ZBMJB5/2ZbNXRCPuRCO7ed2mgcK4r17y+KB2EfuYuRaVlwNbAeaWGSpbw=="
    },
    "node_modules/dotenv": {
      "resolved": "../../node_modules/.pnpm/dotenv@16.5.0/node_modules/dotenv",
      "link": true
    },
    "node_modules/drizzle-kit": {
      "resolved": "../../node_modules/.pnpm/drizzle-kit@0.31.1/node_modules/drizzle-kit",
      "link": true
    },
    "node_modules/drizzle-orm": {
      "resolved": "../../node_modules/.pnpm/drizzle-orm@0.43.1_@types+better-sqlite3@7.6.13_better-sqlite3@11.10.0_bun-types@1.2.8/node_modules/drizzle-orm",
      "link": true
    },
    "node_modules/esbuild": {
      "resolved": "../../node_modules/.pnpm/esbuild@0.25.5/node_modules/esbuild",
      "link": true
    },
    "node_modules/fast-content-type-parse": {
      "version": "3.0.0",
      "resolved": "https://registry.npmjs.org/fast-content-type-parse/-/fast-content-type-parse-3.0.0.tgz",
      "integrity": "sha512-ZvLdcY8P+N8mGQJahJV5G4U88CSvT1rP8ApL6uETe88MBXrBHAkZlSEySdUlyztF7ccb+Znos3TFqaepHxdhBg==",
      "funding": [
        {
          "type": "github",
          "url": "https://github.com/sponsors/fastify"
        },
        {
          "type": "opencollective",
          "url": "https://opencollective.com/fastify"
        }
      ]
    },
    "node_modules/hono": {
      "resolved": "../../node_modules/.pnpm/hono@4.7.11/node_modules/hono",
      "link": true
    },
    "node_modules/octokit": {
      "version": "5.0.3",
      "resolved": "https://registry.npmjs.org/octokit/-/octokit-5.0.3.tgz",
      "integrity": "sha512-+bwYsAIRmYv30NTmBysPIlgH23ekVDriB07oRxlPIAH5PI0yTMSxg5i5Xy0OetcnZw+nk/caD4szD7a9YZ3QyQ==",
      "dependencies": {
        "@octokit/app": "^16.0.1",
        "@octokit/core": "^7.0.2",
        "@octokit/oauth-app": "^8.0.1",
        "@octokit/plugin-paginate-graphql": "^6.0.0",
        "@octokit/plugin-paginate-rest": "^13.0.0",
        "@octokit/plugin-rest-endpoint-methods": "^16.0.0",
        "@octokit/plugin-retry": "^8.0.1",
        "@octokit/plugin-throttling": "^11.0.1",
        "@octokit/request-error": "^7.0.0",
        "@octokit/types": "^14.0.0",
        "@octokit/webhooks": "^14.0.0"
      },
      "engines": {
        "node": ">= 20"
      }
    },
    "node_modules/pg": {
      "version": "8.16.0",
      "resolved": "https://registry.npmjs.org/pg/-/pg-8.16.0.tgz",
      "integrity": "sha512-7SKfdvP8CTNXjMUzfcVTaI+TDzBEeaUnVwiVGZQD1Hh33Kpev7liQba9uLd4CfN8r9mCVsD0JIpq03+Unpz+kg==",
      "license": "MIT",
      "dependencies": {
        "pg-connection-string": "^2.9.0",
        "pg-pool": "^3.10.0",
        "pg-protocol": "^1.10.0",
        "pg-types": "2.2.0",
        "pgpass": "1.0.5"
      },
      "engines": {
        "node": ">= 8.0.0"
      },
      "optionalDependencies": {
        "pg-cloudflare": "^1.2.5"
      },
      "peerDependencies": {
        "pg-native": ">=3.0.1"
      },
      "peerDependenciesMeta": {
        "pg-native": {
          "optional": true
        }
      }
    },
    "node_modules/pg-cloudflare": {
      "version": "1.2.5",
      "resolved": "https://registry.npmjs.org/pg-cloudflare/-/pg-cloudflare-1.2.5.tgz",
      "integrity": "sha512-OOX22Vt0vOSRrdoUPKJ8Wi2OpE/o/h9T8X1s4qSkCedbNah9ei2W2765be8iMVxQUsvgT7zIAT2eIa9fs5+vtg==",
      "license": "MIT",
      "optional": true
    },
    "node_modules/pg-connection-string": {
      "version": "2.9.0",
      "resolved": "https://registry.npmjs.org/pg-connection-string/-/pg-connection-string-2.9.0.tgz",
      "integrity": "sha512-P2DEBKuvh5RClafLngkAuGe9OUlFV7ebu8w1kmaaOgPcpJd1RIFh7otETfI6hAR8YupOLFTY7nuvvIn7PLciUQ==",
      "license": "MIT"
    },
    "node_modules/pg-int8": {
      "version": "1.0.1",
      "resolved": "https://registry.npmjs.org/pg-int8/-/pg-int8-1.0.1.tgz",
      "integrity": "sha512-WCtabS6t3c8SkpDBUlb1kjOs7l66xsGdKpIPZsg4wR+B3+u9UAum2odSsF9tnvxg80h4ZxLWMy4pRjOsFIqQpw==",
      "license": "ISC",
      "engines": {
        "node": ">=4.0.0"
      }
    },
    "node_modules/pg-pool": {
      "version": "3.10.0",
      "resolved": "https://registry.npmjs.org/pg-pool/-/pg-pool-3.10.0.tgz",
      "integrity": "sha512-DzZ26On4sQ0KmqnO34muPcmKbhrjmyiO4lCCR0VwEd7MjmiKf5NTg/6+apUEu0NF7ESa37CGzFxH513CoUmWnA==",
      "license": "MIT",
      "peerDependencies": {
        "pg": ">=8.0"
      }
    },
    "node_modules/pg-protocol": {
      "version": "1.10.0",
      "resolved": "https://registry.npmjs.org/pg-protocol/-/pg-protocol-1.10.0.tgz",
      "integrity": "sha512-IpdytjudNuLv8nhlHs/UrVBhU0e78J0oIS/0AVdTbWxSOkFUVdsHC/NrorO6nXsQNDTT1kzDSOMJubBQviX18Q==",
      "license": "MIT"
    },
    "node_modules/pg-types": {
      "version": "2.2.0",
      "resolved": "https://registry.npmjs.org/pg-types/-/pg-types-2.2.0.tgz",
      "integrity": "sha512-qTAAlrEsl8s4OiEQY69wDvcMIdQN6wdz5ojQiOy6YRMuynxenON0O5oCpJI6lshc6scgAY8qvJ2On/p+CXY0GA==",
      "license": "MIT",
      "dependencies": {
        "pg-int8": "1.0.1",
        "postgres-array": "~2.0.0",
        "postgres-bytea": "~1.0.0",
        "postgres-date": "~1.0.4",
        "postgres-interval": "^1.1.0"
      },
      "engines": {
        "node": ">=4"
      }
    },
    "node_modules/pgpass": {
      "version": "1.0.5",
      "resolved": "https://registry.npmjs.org/pgpass/-/pgpass-1.0.5.tgz",
      "integrity": "sha512-FdW9r/jQZhSeohs1Z3sI1yxFQNFvMcnmfuj4WBMUTxOrAyLMaTcE1aAMBiTlbMNaXvBCQuVi0R7hd8udDSP7ug==",
      "license": "MIT",
      "dependencies": {
        "split2": "^4.1.0"
      }
    },
    "node_modules/postgres-array": {
      "version": "2.0.0",
      "resolved": "https://registry.npmjs.org/postgres-array/-/postgres-array-2.0.0.tgz",
      "integrity": "sha512-VpZrUqU5A69eQyW2c5CA1jtLecCsN2U/bD6VilrFDWq5+5UIEVO7nazS3TEcHf1zuPYO/sqGvUvW62g86RXZuA==",
      "license": "MIT",
      "engines": {
        "node": ">=4"
      }
    },
    "node_modules/postgres-bytea": {
      "version": "1.0.0",
      "resolved": "https://registry.npmjs.org/postgres-bytea/-/postgres-bytea-1.0.0.tgz",
      "integrity": "sha512-xy3pmLuQqRBZBXDULy7KbaitYqLcmxigw14Q5sj8QBVLqEwXfeybIKVWiqAXTlcvdvb0+xkOtDbfQMOf4lST1w==",
      "license": "MIT",
      "engines": {
        "node": ">=0.10.0"
      }
    },
    "node_modules/postgres-date": {
      "version": "1.0.7",
      "resolved": "https://registry.npmjs.org/postgres-date/-/postgres-date-1.0.7.tgz",
      "integrity": "sha512-suDmjLVQg78nMK2UZ454hAG+OAW+HQPZ6n++TNDUX+L0+uUlLywnoxJKDou51Zm+zTCjrCl0Nq6J9C5hP9vK/Q==",
      "license": "MIT",
      "engines": {
        "node": ">=0.10.0"
      }
    },
    "node_modules/postgres-interval": {
      "version": "1.2.0",
      "resolved": "https://registry.npmjs.org/postgres-interval/-/postgres-interval-1.2.0.tgz",
      "integrity": "sha512-9ZhXKM/rw350N1ovuWHbGxnGh/SNJ4cnxHiM0rxE4VN41wsg8P8zWn9hv/buK00RP4WvlOyr/RBDiptyxVbkZQ==",
      "license": "MIT",
      "dependencies": {
        "xtend": "^4.0.0"
      },
      "engines": {
        "node": ">=0.10.0"
      }
    },
    "node_modules/split2": {
      "version": "4.2.0",
      "resolved": "https://registry.npmjs.org/split2/-/split2-4.2.0.tgz",
      "integrity": "sha512-UcjcJOWknrNkF6PLX83qcHM6KHgVKNkV62Y8a5uYDVv9ydGQVwAHMKqHdJje1VTWpljG0WYpCDhrCdAOYH4TWg==",
      "license": "ISC",
      "engines": {
        "node": ">= 10.x"
      }
    },
    "node_modules/toad-cache": {
      "version": "3.7.0",
      "resolved": "https://registry.npmjs.org/toad-cache/-/toad-cache-3.7.0.tgz",
      "integrity": "sha512-/m8M+2BJUpoJdgAHoG+baCwBT+tf2VraSfkBgl0Y00qIWt41DJ8R5B8nsEw0I58YwF5IZH6z24/2TobDKnqSWw==",
      "engines": {
        "node": ">=12"
      }
    },
    "node_modules/tsx": {
      "resolved": "../../node_modules/.pnpm/tsx@4.20.3/node_modules/tsx",
      "link": true
    },
    "node_modules/typescript": {
      "resolved": "../../node_modules/.pnpm/typescript@5.8.3/node_modules/typescript",
      "link": true
    },
    "node_modules/universal-github-app-jwt": {
      "version": "2.2.2",
      "resolved": "https://registry.npmjs.org/universal-github-app-jwt/-/universal-github-app-jwt-2.2.2.tgz",
      "integrity": "sha512-dcmbeSrOdTnsjGjUfAlqNDJrhxXizjAz94ija9Qw8YkZ1uu0d+GoZzyH+Jb9tIIqvGsadUfwg+22k5aDqqwzbw=="
    },
    "node_modules/universal-user-agent": {
      "version": "7.0.3",
      "resolved": "https://registry.npmjs.org/universal-user-agent/-/universal-user-agent-7.0.3.tgz",
      "integrity": "sha512-TmnEAEAsBJVZM/AADELsK76llnwcf9vMKuPz8JflO1frO8Lchitr0fNaN9d+Ap0BjKtqWqd/J17qeDnXh8CL2A=="
    },
    "node_modules/xtend": {
      "version": "4.0.2",
      "resolved": "https://registry.npmjs.org/xtend/-/xtend-4.0.2.tgz",
      "integrity": "sha512-LKYU1iAXJXUgAXn9URjiu+MWhyUXHsvfp7mcuYm9dSUKK0/CjtrUwFAxD82/mCWbtLsGjFIad0wIsod4zrTAEQ==",
      "license": "MIT",
      "engines": {
        "node": ">=0.4"
      }
    },
    "node_modules/zod": {
      "resolved": "../../node_modules/.pnpm/zod@3.25.64/node_modules/zod",
      "link": true
    }
  }
}
